# @generated - this file is auto-generated by `mise lock` https://mise.jdx.dev/dev-tools/mise-lock.html

[[tools.circleci-cli]]
version = "0.1.38646"
backend = "aqua:CircleCI-Public/circleci-cli"

[tools.circleci-cli."platforms.linux-x64"]
checksum = "sha256:df17f70d4f98cfb0acf732818a3746649c4f2352be73f4af59fdf85388c051dd"
url = "https://github.com/CircleCI-Public/circleci-cli/releases/download/v0.1.38646/circleci-cli_0.1.38646_linux_amd64.tar.gz"
url_api = "https://api.github.com/repos/CircleCI-Public/circleci-cli/releases/assets/437360592"

[tools.circleci-cli."platforms.macos-arm64"]
checksum = "sha256:357c851c97c562d146e413c5d07069b89b1c0d0cc74422c6c8a22bc77b4ab944"
url = "https://github.com/CircleCI-Public/circleci-cli/releases/download/v0.1.38646/circleci-cli_0.1.38646_darwin_arm64.tar.gz"
url_api = "https://api.github.com/repos/CircleCI-Public/circleci-cli/releases/assets/437360593"

[tools.circleci-cli."platforms.macos-x64"]
checksum = "sha256:babf077177a83264ec27eae40182895e63e6de0da257f595c390d33ede68f96f"
url = "https://github.com/CircleCI-Public/circleci-cli/releases/download/v0.1.38646/circleci-cli_0.1.38646_darwin_amd64.tar.gz"
url_api = "https://api.github.com/repos/CircleCI-Public/circleci-cli/releases/assets/437360594"

[[tools.pre-commit]]
version = "4.6.0"
backend = "aqua:pre-commit/pre-commit"

[tools.pre-commit."platforms.linux-x64"]
checksum = "sha256:ea8a0c84902e48c1875558f2f362ed8476773aa5fc8c16c5d8f2acc2a2830a65"
url = "https://github.com/pre-commit/pre-commit/releases/download/v4.6.0/pre-commit-4.6.0.pyz"
url_api = "https://api.github.com/repos/pre-commit/pre-commit/releases/assets/401888770"

[tools.pre-commit."platforms.macos-arm64"]
checksum = "sha256:ea8a0c84902e48c1875558f2f362ed8476773aa5fc8c16c5d8f2acc2a2830a65"
url = "https://github.com/pre-commit/pre-commit/releases/download/v4.6.0/pre-commit-4.6.0.pyz"
url_api = "https://api.github.com/repos/pre-commit/pre-commit/releases/assets/401888770"

[tools.pre-commit."platforms.macos-x64"]
checksum = "sha256:ea8a0c84902e48c1875558f2f362ed8476773aa5fc8c16c5d8f2acc2a2830a65"
url = "https://github.com/pre-commit/pre-commit/releases/download/v4.6.0/pre-commit-4.6.0.pyz"
url_api = "https://api.github.com/repos/pre-commit/pre-commit/releases/assets/401888770"

[[tools.python]]
version = "3.14.5"
backend = "core:python"

[tools.python."platforms.linux-x64"]
checksum = "sha256:982a60fc7f11bbe405ab54afcd4eb145f1134797bbbffac9f5c49df4ec98b13e"
url = "https://github.com/astral-sh/python-build-standalone/releases/download/20260602/cpython-3.14.5+20260602-x86_64-unknown-linux-gnu-install_only_stripped.tar.gz"
provenance = "github-attestations"

[tools.python."platforms.macos-arm64"]
checksum = "sha256:3a0373cc39fefd494754ef555267f245c720cddbaaabf63a7c9a4269f1e56532"
url = "https://github.com/astral-sh/python-build-standalone/releases/download/20260602/cpython-3.14.5+20260602-aarch64-apple-darwin-install_only_stripped.tar.gz"
provenance = "github-attestations"

[tools.python."platforms.macos-x64"]
checksum = "sha256:d44ff6ec301cabc91eb0c756b1948b28579fb07feba36aaf1990e535649d5ea6"
url = "https://github.com/astral-sh/python-build-standalone/releases/download/20260602/cpython-3.14.5+20260602-x86_64-apple-darwin-install_only_stripped.tar.gz"
provenance = "github-attestations"

[[tools.shellcheck]]
version = "0.11.0"
backend = "aqua:koalaman/shellcheck"

[tools.shellcheck."platforms.linux-x64"]
checksum = "sha256:8c3be12b05d5c177a04c29e3c78ce89ac86f1595681cab149b65b97c4e227198"
url = "https://github.com/koalaman/shellcheck/releases/download/v0.11.0/shellcheck-v0.11.0.linux.x86_64.tar.xz"
url_api = "https://api.github.com/repos/koalaman/shellcheck/releases/assets/279056942"

[tools.shellcheck."platforms.macos-arm64"]
checksum = "sha256:56affdd8de5527894dca6dc3d7e0a99a873b0f004d7aabc30ae407d3f48b0a79"
url = "https://github.com/koalaman/shellcheck/releases/download/v0.11.0/shellcheck-v0.11.0.darwin.aarch64.tar.xz"
url_api = "https://api.github.com/repos/koalaman/shellcheck/releases/assets/279056932"

[tools.shellcheck."platforms.macos-x64"]
checksum = "sha256:3c89db4edcab7cf1c27bff178882e0f6f27f7afdf54e859fa041fca10febe4c6"
url = "https://github.com/koalaman/shellcheck/releases/download/v0.11.0/shellcheck-v0.11.0.darwin.x86_64.tar.xz"
url_api = "https://api.github.com/repos/koalaman/shellcheck/releases/assets/279056930"
